
Microsoft Visual Studio Solution File, Format Version 12.00
# Visual Studio Version 16
VisualStudioVersion = 16.0.30523.141
MinimumVisualStudioVersion = 10.0.40219.1
Project("{FAE04EC0-301F-11D3-BF4B-00C04F79EFBC}") = "SimuladorEstufa", "SimuladorEstufa\SimuladorEstufa.csproj", "{3FBFA274-2AAD-4062-9B95-C58EE2AC81D4}"
EndProject
Global
	GlobalSection(SolutionConfigurationPlatforms) = preSolution
		Debug|Any CPU = Debug|Any CPU
		Release|Any CPU = Release|Any CPU
	EndGlobalSection
	GlobalSection(ProjectConfigurationPlatforms) = postSolution
		{3FBFA274-2AAD-4062-9B95-C58EE2AC81D4}.Debug|Any CPU.ActiveCfg = Debug|Any CPU
		{3FBFA274-2AAD-4062-9B95-C58EE2AC81D4}.Debug|Any CPU.Build.0 = Debug|Any CPU
		{3FBFA274-2AAD-4062-9B95-C58EE2AC81D4}.Release|Any CPU.ActiveCfg = Release|Any CPU
		{3FBFA274-2AAD-4062-9B95-C58EE2AC81D4}.Release|Any CPU.Build.0 = Release|Any CPU
	EndGlobalSection
	GlobalSection(SolutionProperties) = preSolution
		HideSolutionNode = FALSE
	EndGlobalSection
	GlobalSection(ExtensibilityGlobals) = postSolution
		SolutionGuid = {FFFD9637-19F8-4123-99DB-ACEA58A5ADB9}
	EndGlobalSection
EndGlobal
